
Microsoft Visual Studio Solution File, Format Version 12.00
# Visual Studio Version 17
VisualStudioVersion = 17.10.35013.160
MinimumVisualStudioVersion = 10.0.40219.1
Project("{FAE04EC0-301F-11D3-BF4B-00C04F79EFBC}") = "ExcelFile", "ExellFile\ExcelFile.csproj", "{0398BD6D-5D5E-4C08-B791-B1FBC8080D19}"
EndProject
Global
	GlobalSection(SolutionConfigurationPlatforms) = preSolution
		Debug|Any CPU = Debug|Any CPU
		Release|Any CPU = Release|Any CPU
	EndGlobalSection
	GlobalSection(ProjectConfigurationPlatforms) = postSolution
		{0398BD6D-5D5E-4C08-B791-B1FBC8080D19}.Debug|Any CPU.ActiveCfg = Debug|Any CPU
		{0398BD6D-5D5E-4C08-B791-B1FBC8080D19}.Debug|Any CPU.Build.0 = Debug|Any CPU
		{0398BD6D-5D5E-4C08-B791-B1FBC8080D19}.Release|Any CPU.ActiveCfg = Release|Any CPU
		{0398BD6D-5D5E-4C08-B791-B1FBC8080D19}.Release|Any CPU.Build.0 = Release|Any CPU
	EndGlobalSection
	GlobalSection(SolutionProperties) = preSolution
		HideSolutionNode = FALSE
	EndGlobalSection
	GlobalSection(ExtensibilityGlobals) = postSolution
		SolutionGuid = {36A2B172-754A-4779-BD7D-D47901DC41D5}
	EndGlobalSection
EndGlobal
